
Microsoft Visual Studio Solution File, Format Version 12.00
Project("{FAE04EC0-301F-11D3-BF4B-00C04F79EFBC}") = "MyAvaloniaManagement", "Host\MyAvaloniaManagement\MyAvaloniaManagement.csproj", "{E7A5FA6B-1DB7-4790-87C1-F93F50490782}"
EndProject
Project("{FAE04EC0-301F-11D3-BF4B-00C04F79EFBC}") = "MyAvaloniaManagementCommon", "Host\MyAvaloniaManagementCommon\MyAvaloniaManagementCommon.csproj", "{4ED24BAB-F3DD-43CE-BADE-B08DFAB79832}"
EndProject
Project("{FAE04EC0-301F-11D3-BF4B-00C04F79EFBC}") = "MyAvaloniaManagement.PluginSdk.UI", "Host\MyAvaloniaManagement.PluginSdk.UI\MyAvaloniaManagement.PluginSdk.UI.csproj", "{A94D2485-51F8-4D11-A3F1-82D47CB75DA9}"
EndProject
Project("{FAE04EC0-301F-11D3-BF4B-00C04F79EFBC}") = "MyPlugTest", "Plugins\MyPlugTest\MyPlugTest\MyPlugTest.csproj", "{D7C9F48D-FAC5-4562-A5E7-6ED0085E5450}"
EndProject
Project("{FAE04EC0-301F-11D3-BF4B-00C04F79EFBC}") = "DaTangAccountingHelpPlug", "Plugins\DaTangAccountingHelpPlug\DaTangAccountingHelpPlug\DaTangAccountingHelpPlug.csproj", "{FAAE3A0A-71D9-43CA-8C86-8A244AB98BD1}"
EndProject
Project("{FAE04EC0-301F-11D3-BF4B-00C04F79EFBC}") = "DaTangAccountingHelpPlug.Tests", "Plugins\DaTangAccountingHelpPlug\DaTangAccountingHelpPlug.Tests\DaTangAccountingHelpPlug.Tests.csproj", "{A6E8D5A0-9D4F-46CD-92A6-4B5B90247D85}"
EndProject
Project("{FAE04EC0-301F-11D3-BF4B-00C04F79EFBC}") = "MySmallTools", "Plugins\MySmallTools\MySmallTools\MySmallTools.csproj", "{5129F0AA-D194-453D-A51F-F2A8F9DBDE71}"
EndProject
Project("{FAE04EC0-301F-11D3-BF4B-00C04F79EFBC}") = "BiliDownloader", "Plugins\BiliDownloader\BiliDownloader\BiliDownloader.csproj", "{46146E1A-7EE6-4A19-B48B-F95522890FA8}"
EndProject
Project("{FAE04EC0-301F-11D3-BF4B-00C04F79EFBC}") = "BiliDownloader.Tests", "Plugins\BiliDownloader\BiliDownloader.Tests\BiliDownloader.Tests.csproj", "{A1F6CB50-0A58-4AA1-9C0E-BC69B2E93A11}"
EndProject
Project("{FAE04EC0-301F-11D3-BF4B-00C04F79EFBC}") = "BiliDownloader.ReleaseAcceptance", "Plugins\BiliDownloader\BiliDownloader.ReleaseAcceptance\BiliDownloader.ReleaseAcceptance.csproj", "{C0D2A7A8-4B6F-4D57-9F89-16A390CB4892}"
EndProject
Project("{FAE04EC0-301F-11D3-BF4B-00C04F79EFBC}") = "MyAvaloniaManagement.PluginTests", "Host\MyAvaloniaManagement.PluginTests\MyAvaloniaManagement.PluginTests.csproj", "{C3E55253-D3EE-4FD9-9A50-537C7659F487}"
EndProject
Project("{FAE04EC0-301F-11D3-BF4B-00C04F79EFBC}") = "MyAvaloniaManagement.Tests", "Host\MyAvaloniaManagement.Tests\MyAvaloniaManagement.Tests.csproj", "{6F36A79D-79E4-4E54-9D66-2C3C5D24A501}"
EndProject
Project("{FAE04EC0-301F-11D3-BF4B-00C04F79EFBC}") = "MyAvaloniaManagement.UiTests", "Host\MyAvaloniaManagement.UiTests\MyAvaloniaManagement.UiTests.csproj", "{6F36A79D-79E4-4E54-9D66-2C3C5D24A502}"
EndProject
Project("{FAE04EC0-301F-11D3-BF4B-00C04F79EFBC}") = "MySmallTools.Tests", "Plugins\MySmallTools\MySmallTools.Tests\MySmallTools.Tests.csproj", "{9EAD5C86-19F3-4D70-A46E-B9877E5C5142}"
EndProject
Project("{FAE04EC0-301F-11D3-BF4B-00C04F79EFBC}") = "MySmallTools.SecurityBenchmarks", "Plugins\MySmallTools\MySmallTools.SecurityBenchmarks\MySmallTools.SecurityBenchmarks.csproj", "{7998A616-0618-4D86-B639-6FFF72B4C302}"
EndProject
Project("{FAE04EC0-301F-11D3-BF4B-00C04F79EFBC}") = "MySmallTools.Playback.IntegrationHarness", "Plugins\MySmallTools\MySmallTools.Playback.IntegrationHarness\MySmallTools.Playback.IntegrationHarness.csproj", "{62C89D95-5DFB-4BE7-936B-6AC6E0137A16}"
EndProject
Project("{FAE04EC0-301F-11D3-BF4B-00C04F79EFBC}") = "MySmallTools.ReleaseAcceptance", "Plugins\MySmallTools\MySmallTools.ReleaseAcceptance\MySmallTools.ReleaseAcceptance.csproj", "{B7F45352-9EB5-4F4D-94A3-36C2915A9F41}"
EndProject
Project("{2150E333-8FDC-42A3-9474-1A3956D46DE8}") = "Host", "Host", "{D3D5DCFB-A638-4239-87E7-0592AD7724B3}"
EndProject
Project("{2150E333-8FDC-42A3-9474-1A3956D46DE8}") = "Plugins", "Plugins", "{7F5FCAD1-7929-4929-A464-D5141CC96333}"
EndProject
Project("{2150E333-8FDC-42A3-9474-1A3956D46DE8}") = "BiliDownloader", "BiliDownloader", "{7177F6AA-66D4-4C4E-BC55-D797BB2E2743}"
EndProject
Project("{2150E333-8FDC-42A3-9474-1A3956D46DE8}") = "MySmallTools", "MySmallTools", "{CFC5DA0F-A509-43AD-8262-031E2DEF76A6}"
EndProject
Project("{2150E333-8FDC-42A3-9474-1A3956D46DE8}") = "DaTangAccountingHelpPlug", "DaTangAccountingHelpPlug", "{EE8A03CA-8CC0-43B3-AC89-BC55FA2B8D77}"
EndProject
Project("{2150E333-8FDC-42A3-9474-1A3956D46DE8}") = "MyPlugTest", "MyPlugTest", "{490B26A2-6EDE-4A78-9392-01D72F25490A}"
EndProject
Global
	GlobalSection(SolutionConfigurationPlatforms) = preSolution
		Debug|Any CPU = Debug|Any CPU
		Debug|x64 = Debug|x64
		Debug|x86 = Debug|x86
		Release|Any CPU = Release|Any CPU
		Release|x64 = Release|x64
		Release|x86 = Release|x86
	EndGlobalSection
	GlobalSection(ProjectConfigurationPlatforms) = postSolution
		{6F36A79D-79E4-4E54-9D66-2C3C5D24A501}.Debug|Any CPU.ActiveCfg = Debug|Any CPU
		{6F36A79D-79E4-4E54-9D66-2C3C5D24A501}.Debug|Any CPU.Build.0 = Debug|Any CPU
		{6F36A79D-79E4-4E54-9D66-2C3C5D24A501}.Debug|x64.ActiveCfg = Debug|Any CPU
		{6F36A79D-79E4-4E54-9D66-2C3C5D24A501}.Debug|x64.Build.0 = Debug|Any CPU
		{6F36A79D-79E4-4E54-9D66-2C3C5D24A501}.Debug|x86.ActiveCfg = Debug|Any CPU
		{6F36A79D-79E4-4E54-9D66-2C3C5D24A501}.Debug|x86.Build.0 = Debug|Any CPU
		{6F36A79D-79E4-4E54-9D66-2C3C5D24A501}.Release|Any CPU.ActiveCfg = Release|Any CPU
		{6F36A79D-79E4-4E54-9D66-2C3C5D24A501}.Release|Any CPU.Build.0 = Release|Any CPU
		{6F36A79D-79E4-4E54-9D66-2C3C5D24A501}.Release|x64.ActiveCfg = Release|Any CPU
		{6F36A79D-79E4-4E54-9D66-2C3C5D24A501}.Release|x64.Build.0 = Release|Any CPU
		{6F36A79D-79E4-4E54-9D66-2C3C5D24A501}.Release|x86.ActiveCfg = Release|Any CPU
		{6F36A79D-79E4-4E54-9D66-2C3C5D24A501}.Release|x86.Build.0 = Release|Any CPU
		{6F36A79D-79E4-4E54-9D66-2C3C5D24A502}.Debug|Any CPU.ActiveCfg = Debug|Any CPU
		{6F36A79D-79E4-4E54-9D66-2C3C5D24A502}.Debug|Any CPU.Build.0 = Debug|Any CPU
		{6F36A79D-79E4-4E54-9D66-2C3C5D24A502}.Debug|x64.ActiveCfg = Debug|Any CPU
		{6F36A79D-79E4-4E54-9D66-2C3C5D24A502}.Debug|x64.Build.0 = Debug|Any CPU
		{6F36A79D-79E4-4E54-9D66-2C3C5D24A502}.Debug|x86.ActiveCfg = Debug|Any CPU
		{6F36A79D-79E4-4E54-9D66-2C3C5D24A502}.Debug|x86.Build.0 = Debug|Any CPU
		{6F36A79D-79E4-4E54-9D66-2C3C5D24A502}.Release|Any CPU.ActiveCfg = Release|Any CPU
		{6F36A79D-79E4-4E54-9D66-2C3C5D24A502}.Release|Any CPU.Build.0 = Release|Any CPU
		{6F36A79D-79E4-4E54-9D66-2C3C5D24A502}.Release|x64.ActiveCfg = Release|Any CPU
		{6F36A79D-79E4-4E54-9D66-2C3C5D24A502}.Release|x64.Build.0 = Release|Any CPU
		{6F36A79D-79E4-4E54-9D66-2C3C5D24A502}.Release|x86.ActiveCfg = Release|Any CPU
		{6F36A79D-79E4-4E54-9D66-2C3C5D24A502}.Release|x86.Build.0 = Release|Any CPU
		{E7A5FA6B-1DB7-4790-87C1-F93F50490782}.Debug|Any CPU.ActiveCfg = Debug|Any CPU
		{E7A5FA6B-1DB7-4790-87C1-F93F50490782}.Debug|Any CPU.Build.0 = Debug|Any CPU
		{E7A5FA6B-1DB7-4790-87C1-F93F50490782}.Debug|x64.ActiveCfg = Debug|Any CPU
		{E7A5FA6B-1DB7-4790-87C1-F93F50490782}.Debug|x64.Build.0 = Debug|Any CPU
		{E7A5FA6B-1DB7-4790-87C1-F93F50490782}.Debug|x86.ActiveCfg = Debug|Any CPU
		{E7A5FA6B-1DB7-4790-87C1-F93F50490782}.Debug|x86.Build.0 = Debug|Any CPU
		{E7A5FA6B-1DB7-4790-87C1-F93F50490782}.Release|Any CPU.ActiveCfg = Release|Any CPU
		{E7A5FA6B-1DB7-4790-87C1-F93F50490782}.Release|Any CPU.Build.0 = Release|Any CPU
		{E7A5FA6B-1DB7-4790-87C1-F93F50490782}.Release|x64.ActiveCfg = Release|Any CPU
		{E7A5FA6B-1DB7-4790-87C1-F93F50490782}.Release|x64.Build.0 = Release|Any CPU
		{E7A5FA6B-1DB7-4790-87C1-F93F50490782}.Release|x86.ActiveCfg = Release|Any CPU
		{E7A5FA6B-1DB7-4790-87C1-F93F50490782}.Release|x86.Build.0 = Release|Any CPU
		{4ED24BAB-F3DD-43CE-BADE-B08DFAB79832}.Debug|Any CPU.ActiveCfg = Debug|Any CPU
		{4ED24BAB-F3DD-43CE-BADE-B08DFAB79832}.Debug|Any CPU.Build.0 = Debug|Any CPU
		{4ED24BAB-F3DD-43CE-BADE-B08DFAB79832}.Debug|x64.ActiveCfg = Debug|Any CPU
		{4ED24BAB-F3DD-43CE-BADE-B08DFAB79832}.Debug|x64.Build.0 = Debug|Any CPU
		{4ED24BAB-F3DD-43CE-BADE-B08DFAB79832}.Debug|x86.ActiveCfg = Debug|Any CPU
		{4ED24BAB-F3DD-43CE-BADE-B08DFAB79832}.Debug|x86.Build.0 = Debug|Any CPU
		{4ED24BAB-F3DD-43CE-BADE-B08DFAB79832}.Release|Any CPU.ActiveCfg = Release|Any CPU
		{4ED24BAB-F3DD-43CE-BADE-B08DFAB79832}.Release|Any CPU.Build.0 = Release|Any CPU
		{4ED24BAB-F3DD-43CE-BADE-B08DFAB79832}.Release|x64.ActiveCfg = Release|Any CPU
		{4ED24BAB-F3DD-43CE-BADE-B08DFAB79832}.Release|x64.Build.0 = Release|Any CPU
		{4ED24BAB-F3DD-43CE-BADE-B08DFAB79832}.Release|x86.ActiveCfg = Release|Any CPU
		{4ED24BAB-F3DD-43CE-BADE-B08DFAB79832}.Release|x86.Build.0 = Release|Any CPU
		{A94D2485-51F8-4D11-A3F1-82D47CB75DA9}.Debug|Any CPU.ActiveCfg = Debug|Any CPU
		{A94D2485-51F8-4D11-A3F1-82D47CB75DA9}.Debug|Any CPU.Build.0 = Debug|Any CPU
		{A94D2485-51F8-4D11-A3F1-82D47CB75DA9}.Debug|x64.ActiveCfg = Debug|Any CPU
		{A94D2485-51F8-4D11-A3F1-82D47CB75DA9}.Debug|x64.Build.0 = Debug|Any CPU
		{A94D2485-51F8-4D11-A3F1-82D47CB75DA9}.Debug|x86.ActiveCfg = Debug|Any CPU
		{A94D2485-51F8-4D11-A3F1-82D47CB75DA9}.Debug|x86.Build.0 = Debug|Any CPU
		{A94D2485-51F8-4D11-A3F1-82D47CB75DA9}.Release|Any CPU.ActiveCfg = Release|Any CPU
		{A94D2485-51F8-4D11-A3F1-82D47CB75DA9}.Release|Any CPU.Build.0 = Release|Any CPU
		{A94D2485-51F8-4D11-A3F1-82D47CB75DA9}.Release|x64.ActiveCfg = Release|Any CPU
		{A94D2485-51F8-4D11-A3F1-82D47CB75DA9}.Release|x64.Build.0 = Release|Any CPU
		{A94D2485-51F8-4D11-A3F1-82D47CB75DA9}.Release|x86.ActiveCfg = Release|Any CPU
		{A94D2485-51F8-4D11-A3F1-82D47CB75DA9}.Release|x86.Build.0 = Release|Any CPU
		{D7C9F48D-FAC5-4562-A5E7-6ED0085E5450}.Debug|Any CPU.ActiveCfg = Debug|Any CPU
		{D7C9F48D-FAC5-4562-A5E7-6ED0085E5450}.Debug|Any CPU.Build.0 = Debug|Any CPU
		{D7C9F48D-FAC5-4562-A5E7-6ED0085E5450}.Debug|x64.ActiveCfg = Debug|Any CPU
		{D7C9F48D-FAC5-4562-A5E7-6ED0085E5450}.Debug|x64.Build.0 = Debug|Any CPU
		{D7C9F48D-FAC5-4562-A5E7-6ED0085E5450}.Debug|x86.ActiveCfg = Debug|Any CPU
		{D7C9F48D-FAC5-4562-A5E7-6ED0085E5450}.Debug|x86.Build.0 = Debug|Any CPU
		{D7C9F48D-FAC5-4562-A5E7-6ED0085E5450}.Release|Any CPU.ActiveCfg = Release|Any CPU
		{D7C9F48D-FAC5-4562-A5E7-6ED0085E5450}.Release|Any CPU.Build.0 = Release|Any CPU
		{D7C9F48D-FAC5-4562-A5E7-6ED0085E5450}.Release|x64.ActiveCfg = Release|Any CPU
		{D7C9F48D-FAC5-4562-A5E7-6ED0085E5450}.Release|x64.Build.0 = Release|Any CPU
		{D7C9F48D-FAC5-4562-A5E7-6ED0085E5450}.Release|x86.ActiveCfg = Release|Any CPU
		{D7C9F48D-FAC5-4562-A5E7-6ED0085E5450}.Release|x86.Build.0 = Release|Any CPU
		{FAAE3A0A-71D9-43CA-8C86-8A244AB98BD1}.Debug|Any CPU.ActiveCfg = Debug|Any CPU
		{FAAE3A0A-71D9-43CA-8C86-8A244AB98BD1}.Debug|Any CPU.Build.0 = Debug|Any CPU
		{FAAE3A0A-71D9-43CA-8C86-8A244AB98BD1}.Debug|x64.ActiveCfg = Debug|Any CPU
		{FAAE3A0A-71D9-43CA-8C86-8A244AB98BD1}.Debug|x64.Build.0 = Debug|Any CPU
		{FAAE3A0A-71D9-43CA-8C86-8A244AB98BD1}.Debug|x86.ActiveCfg = Debug|Any CPU
		{FAAE3A0A-71D9-43CA-8C86-8A244AB98BD1}.Debug|x86.Build.0 = Debug|Any CPU
		{FAAE3A0A-71D9-43CA-8C86-8A244AB98BD1}.Release|Any CPU.ActiveCfg = Release|Any CPU
		{FAAE3A0A-71D9-43CA-8C86-8A244AB98BD1}.Release|Any CPU.Build.0 = Release|Any CPU
		{FAAE3A0A-71D9-43CA-8C86-8A244AB98BD1}.Release|x64.ActiveCfg = Release|Any CPU
		{FAAE3A0A-71D9-43CA-8C86-8A244AB98BD1}.Release|x64.Build.0 = Release|Any CPU
		{FAAE3A0A-71D9-43CA-8C86-8A244AB98BD1}.Release|x86.ActiveCfg = Release|Any CPU
		{FAAE3A0A-71D9-43CA-8C86-8A244AB98BD1}.Release|x86.Build.0 = Release|Any CPU
		{A6E8D5A0-9D4F-46CD-92A6-4B5B90247D85}.Debug|Any CPU.ActiveCfg = Debug|Any CPU
		{A6E8D5A0-9D4F-46CD-92A6-4B5B90247D85}.Debug|Any CPU.Build.0 = Debug|Any CPU
		{A6E8D5A0-9D4F-46CD-92A6-4B5B90247D85}.Debug|x64.ActiveCfg = Debug|Any CPU
		{A6E8D5A0-9D4F-46CD-92A6-4B5B90247D85}.Debug|x64.Build.0 = Debug|Any CPU
		{A6E8D5A0-9D4F-46CD-92A6-4B5B90247D85}.Debug|x86.ActiveCfg = Debug|Any CPU
		{A6E8D5A0-9D4F-46CD-92A6-4B5B90247D85}.Debug|x86.Build.0 = Debug|Any CPU
		{A6E8D5A0-9D4F-46CD-92A6-4B5B90247D85}.Release|Any CPU.ActiveCfg = Release|Any CPU
		{A6E8D5A0-9D4F-46CD-92A6-4B5B90247D85}.Release|Any CPU.Build.0 = Release|Any CPU
		{A6E8D5A0-9D4F-46CD-92A6-4B5B90247D85}.Release|x64.ActiveCfg = Release|Any CPU
		{A6E8D5A0-9D4F-46CD-92A6-4B5B90247D85}.Release|x64.Build.0 = Release|Any CPU
		{A6E8D5A0-9D4F-46CD-92A6-4B5B90247D85}.Release|x86.ActiveCfg = Release|Any CPU
		{A6E8D5A0-9D4F-46CD-92A6-4B5B90247D85}.Release|x86.Build.0 = Release|Any CPU
		{5129F0AA-D194-453D-A51F-F2A8F9DBDE71}.Debug|Any CPU.ActiveCfg = Debug|Any CPU
		{5129F0AA-D194-453D-A51F-F2A8F9DBDE71}.Debug|Any CPU.Build.0 = Debug|Any CPU
		{5129F0AA-D194-453D-A51F-F2A8F9DBDE71}.Debug|x64.ActiveCfg = Debug|Any CPU
		{5129F0AA-D194-453D-A51F-F2A8F9DBDE71}.Debug|x64.Build.0 = Debug|Any CPU
		{5129F0AA-D194-453D-A51F-F2A8F9DBDE71}.Debug|x86.ActiveCfg = Debug|Any CPU
		{5129F0AA-D194-453D-A51F-F2A8F9DBDE71}.Debug|x86.Build.0 = Debug|Any CPU
		{5129F0AA-D194-453D-A51F-F2A8F9DBDE71}.Release|Any CPU.ActiveCfg = Release|Any CPU
		{5129F0AA-D194-453D-A51F-F2A8F9DBDE71}.Release|Any CPU.Build.0 = Release|Any CPU
		{5129F0AA-D194-453D-A51F-F2A8F9DBDE71}.Release|x64.ActiveCfg = Release|Any CPU
		{5129F0AA-D194-453D-A51F-F2A8F9DBDE71}.Release|x64.Build.0 = Release|Any CPU
		{5129F0AA-D194-453D-A51F-F2A8F9DBDE71}.Release|x86.ActiveCfg = Release|Any CPU
		{5129F0AA-D194-453D-A51F-F2A8F9DBDE71}.Release|x86.Build.0 = Release|Any CPU
		{46146E1A-7EE6-4A19-B48B-F95522890FA8}.Debug|Any CPU.ActiveCfg = Debug|Any CPU
		{46146E1A-7EE6-4A19-B48B-F95522890FA8}.Debug|Any CPU.Build.0 = Debug|Any CPU
		{46146E1A-7EE6-4A19-B48B-F95522890FA8}.Debug|x64.ActiveCfg = Debug|Any CPU
		{46146E1A-7EE6-4A19-B48B-F95522890FA8}.Debug|x64.Build.0 = Debug|Any CPU
		{46146E1A-7EE6-4A19-B48B-F95522890FA8}.Debug|x86.ActiveCfg = Debug|Any CPU
		{46146E1A-7EE6-4A19-B48B-F95522890FA8}.Debug|x86.Build.0 = Debug|Any CPU
		{46146E1A-7EE6-4A19-B48B-F95522890FA8}.Release|Any CPU.ActiveCfg = Release|Any CPU
		{46146E1A-7EE6-4A19-B48B-F95522890FA8}.Release|Any CPU.Build.0 = Release|Any CPU
		{46146E1A-7EE6-4A19-B48B-F95522890FA8}.Release|x64.ActiveCfg = Release|Any CPU
		{46146E1A-7EE6-4A19-B48B-F95522890FA8}.Release|x64.Build.0 = Release|Any CPU
		{46146E1A-7EE6-4A19-B48B-F95522890FA8}.Release|x86.ActiveCfg = Release|Any CPU
		{46146E1A-7EE6-4A19-B48B-F95522890FA8}.Release|x86.Build.0 = Release|Any CPU
		{A1F6CB50-0A58-4AA1-9C0E-BC69B2E93A11}.Debug|Any CPU.ActiveCfg = Debug|Any CPU
		{A1F6CB50-0A58-4AA1-9C0E-BC69B2E93A11}.Debug|Any CPU.Build.0 = Debug|Any CPU
		{A1F6CB50-0A58-4AA1-9C0E-BC69B2E93A11}.Debug|x64.ActiveCfg = Debug|Any CPU
		{A1F6CB50-0A58-4AA1-9C0E-BC69B2E93A11}.Debug|x64.Build.0 = Debug|Any CPU
		{A1F6CB50-0A58-4AA1-9C0E-BC69B2E93A11}.Debug|x86.ActiveCfg = Debug|Any CPU
		{A1F6CB50-0A58-4AA1-9C0E-BC69B2E93A11}.Debug|x86.Build.0 = Debug|Any CPU
		{A1F6CB50-0A58-4AA1-9C0E-BC69B2E93A11}.Release|Any CPU.ActiveCfg = Release|Any CPU
		{A1F6CB50-0A58-4AA1-9C0E-BC69B2E93A11}.Release|Any CPU.Build.0 = Release|Any CPU
		{A1F6CB50-0A58-4AA1-9C0E-BC69B2E93A11}.Release|x64.ActiveCfg = Release|Any CPU
		{A1F6CB50-0A58-4AA1-9C0E-BC69B2E93A11}.Release|x64.Build.0 = Release|Any CPU
		{A1F6CB50-0A58-4AA1-9C0E-BC69B2E93A11}.Release|x86.ActiveCfg = Release|Any CPU
		{A1F6CB50-0A58-4AA1-9C0E-BC69B2E93A11}.Release|x86.Build.0 = Release|Any CPU
		{C0D2A7A8-4B6F-4D57-9F89-16A390CB4892}.Debug|Any CPU.ActiveCfg = Debug|Any CPU
		{C0D2A7A8-4B6F-4D57-9F89-16A390CB4892}.Debug|Any CPU.Build.0 = Debug|Any CPU
		{C0D2A7A8-4B6F-4D57-9F89-16A390CB4892}.Debug|x64.ActiveCfg = Debug|Any CPU
		{C0D2A7A8-4B6F-4D57-9F89-16A390CB4892}.Debug|x64.Build.0 = Debug|Any CPU
		{C0D2A7A8-4B6F-4D57-9F89-16A390CB4892}.Debug|x86.ActiveCfg = Debug|Any CPU
		{C0D2A7A8-4B6F-4D57-9F89-16A390CB4892}.Debug|x86.Build.0 = Debug|Any CPU
		{C0D2A7A8-4B6F-4D57-9F89-16A390CB4892}.Release|Any CPU.ActiveCfg = Release|Any CPU
		{C0D2A7A8-4B6F-4D57-9F89-16A390CB4892}.Release|Any CPU.Build.0 = Release|Any CPU
		{C0D2A7A8-4B6F-4D57-9F89-16A390CB4892}.Release|x64.ActiveCfg = Release|Any CPU
		{C0D2A7A8-4B6F-4D57-9F89-16A390CB4892}.Release|x64.Build.0 = Release|Any CPU
		{C0D2A7A8-4B6F-4D57-9F89-16A390CB4892}.Release|x86.ActiveCfg = Release|Any CPU
		{C0D2A7A8-4B6F-4D57-9F89-16A390CB4892}.Release|x86.Build.0 = Release|Any CPU
		{C3E55253-D3EE-4FD9-9A50-537C7659F487}.Debug|Any CPU.ActiveCfg = Debug|Any CPU
		{C3E55253-D3EE-4FD9-9A50-537C7659F487}.Debug|Any CPU.Build.0 = Debug|Any CPU
		{C3E55253-D3EE-4FD9-9A50-537C7659F487}.Debug|x64.ActiveCfg = Debug|Any CPU
		{C3E55253-D3EE-4FD9-9A50-537C7659F487}.Debug|x64.Build.0 = Debug|Any CPU
		{C3E55253-D3EE-4FD9-9A50-537C7659F487}.Debug|x86.ActiveCfg = Debug|Any CPU
		{C3E55253-D3EE-4FD9-9A50-537C7659F487}.Debug|x86.Build.0 = Debug|Any CPU
		{C3E55253-D3EE-4FD9-9A50-537C7659F487}.Release|Any CPU.ActiveCfg = Release|Any CPU
		{C3E55253-D3EE-4FD9-9A50-537C7659F487}.Release|Any CPU.Build.0 = Release|Any CPU
		{C3E55253-D3EE-4FD9-9A50-537C7659F487}.Release|x64.ActiveCfg = Release|Any CPU
		{C3E55253-D3EE-4FD9-9A50-537C7659F487}.Release|x64.Build.0 = Release|Any CPU
		{C3E55253-D3EE-4FD9-9A50-537C7659F487}.Release|x86.ActiveCfg = Release|Any CPU
		{C3E55253-D3EE-4FD9-9A50-537C7659F487}.Release|x86.Build.0 = Release|Any CPU
		{9EAD5C86-19F3-4D70-A46E-B9877E5C5142}.Debug|Any CPU.ActiveCfg = Debug|Any CPU
		{9EAD5C86-19F3-4D70-A46E-B9877E5C5142}.Debug|Any CPU.Build.0 = Debug|Any CPU
		{9EAD5C86-19F3-4D70-A46E-B9877E5C5142}.Debug|x64.ActiveCfg = Debug|Any CPU
		{9EAD5C86-19F3-4D70-A46E-B9877E5C5142}.Debug|x64.Build.0 = Debug|Any CPU
		{9EAD5C86-19F3-4D70-A46E-B9877E5C5142}.Debug|x86.ActiveCfg = Debug|Any CPU
		{9EAD5C86-19F3-4D70-A46E-B9877E5C5142}.Debug|x86.Build.0 = Debug|Any CPU
		{9EAD5C86-19F3-4D70-A46E-B9877E5C5142}.Release|Any CPU.ActiveCfg = Release|Any CPU
		{9EAD5C86-19F3-4D70-A46E-B9877E5C5142}.Release|Any CPU.Build.0 = Release|Any CPU
		{9EAD5C86-19F3-4D70-A46E-B9877E5C5142}.Release|x64.ActiveCfg = Release|Any CPU
		{9EAD5C86-19F3-4D70-A46E-B9877E5C5142}.Release|x64.Build.0 = Release|Any CPU
		{9EAD5C86-19F3-4D70-A46E-B9877E5C5142}.Release|x86.ActiveCfg = Release|Any CPU
		{9EAD5C86-19F3-4D70-A46E-B9877E5C5142}.Release|x86.Build.0 = Release|Any CPU
		{7998A616-0618-4D86-B639-6FFF72B4C302}.Debug|Any CPU.ActiveCfg = Debug|Any CPU
		{7998A616-0618-4D86-B639-6FFF72B4C302}.Debug|Any CPU.Build.0 = Debug|Any CPU
		{7998A616-0618-4D86-B639-6FFF72B4C302}.Debug|x64.ActiveCfg = Debug|Any CPU
		{7998A616-0618-4D86-B639-6FFF72B4C302}.Debug|x64.Build.0 = Debug|Any CPU
		{7998A616-0618-4D86-B639-6FFF72B4C302}.Debug|x86.ActiveCfg = Debug|Any CPU
		{7998A616-0618-4D86-B639-6FFF72B4C302}.Debug|x86.Build.0 = Debug|Any CPU
		{7998A616-0618-4D86-B639-6FFF72B4C302}.Release|Any CPU.ActiveCfg = Release|Any CPU
		{7998A616-0618-4D86-B639-6FFF72B4C302}.Release|Any CPU.Build.0 = Release|Any CPU
		{7998A616-0618-4D86-B639-6FFF72B4C302}.Release|x64.ActiveCfg = Release|Any CPU
		{7998A616-0618-4D86-B639-6FFF72B4C302}.Release|x64.Build.0 = Release|Any CPU
		{7998A616-0618-4D86-B639-6FFF72B4C302}.Release|x86.ActiveCfg = Release|Any CPU
		{7998A616-0618-4D86-B639-6FFF72B4C302}.Release|x86.Build.0 = Release|Any CPU
		{62C89D95-5DFB-4BE7-936B-6AC6E0137A16}.Debug|Any CPU.ActiveCfg = Debug|x64
		{62C89D95-5DFB-4BE7-936B-6AC6E0137A16}.Debug|Any CPU.Build.0 = Debug|x64
		{62C89D95-5DFB-4BE7-936B-6AC6E0137A16}.Debug|x64.ActiveCfg = Debug|x64
		{62C89D95-5DFB-4BE7-936B-6AC6E0137A16}.Debug|x64.Build.0 = Debug|x64
		{62C89D95-5DFB-4BE7-936B-6AC6E0137A16}.Debug|x86.ActiveCfg = Debug|x64
		{62C89D95-5DFB-4BE7-936B-6AC6E0137A16}.Release|Any CPU.ActiveCfg = Release|x64
		{62C89D95-5DFB-4BE7-936B-6AC6E0137A16}.Release|Any CPU.Build.0 = Release|x64
		{62C89D95-5DFB-4BE7-936B-6AC6E0137A16}.Release|x64.ActiveCfg = Release|x64
		{62C89D95-5DFB-4BE7-936B-6AC6E0137A16}.Release|x64.Build.0 = Release|x64
		{62C89D95-5DFB-4BE7-936B-6AC6E0137A16}.Release|x86.ActiveCfg = Release|x64
		{B7F45352-9EB5-4F4D-94A3-36C2915A9F41}.Debug|Any CPU.ActiveCfg = Debug|x64
		{B7F45352-9EB5-4F4D-94A3-36C2915A9F41}.Debug|Any CPU.Build.0 = Debug|x64
		{B7F45352-9EB5-4F4D-94A3-36C2915A9F41}.Debug|x64.ActiveCfg = Debug|x64
		{B7F45352-9EB5-4F4D-94A3-36C2915A9F41}.Debug|x64.Build.0 = Debug|x64
		{B7F45352-9EB5-4F4D-94A3-36C2915A9F41}.Debug|x86.ActiveCfg = Debug|x64
		{B7F45352-9EB5-4F4D-94A3-36C2915A9F41}.Release|Any CPU.ActiveCfg = Release|x64
		{B7F45352-9EB5-4F4D-94A3-36C2915A9F41}.Release|Any CPU.Build.0 = Release|x64
		{B7F45352-9EB5-4F4D-94A3-36C2915A9F41}.Release|x64.ActiveCfg = Release|x64
		{B7F45352-9EB5-4F4D-94A3-36C2915A9F41}.Release|x64.Build.0 = Release|x64
		{B7F45352-9EB5-4F4D-94A3-36C2915A9F41}.Release|x86.ActiveCfg = Release|x64
	EndGlobalSection
	GlobalSection(SolutionProperties) = preSolution
		HideSolutionNode = FALSE
	EndGlobalSection
	GlobalSection(NestedProjects) = preSolution
		{E7A5FA6B-1DB7-4790-87C1-F93F50490782} = {D3D5DCFB-A638-4239-87E7-0592AD7724B3}
		{4ED24BAB-F3DD-43CE-BADE-B08DFAB79832} = {D3D5DCFB-A638-4239-87E7-0592AD7724B3}
		{A94D2485-51F8-4D11-A3F1-82D47CB75DA9} = {D3D5DCFB-A638-4239-87E7-0592AD7724B3}
		{C3E55253-D3EE-4FD9-9A50-537C7659F487} = {D3D5DCFB-A638-4239-87E7-0592AD7724B3}
		{6F36A79D-79E4-4E54-9D66-2C3C5D24A501} = {D3D5DCFB-A638-4239-87E7-0592AD7724B3}
		{6F36A79D-79E4-4E54-9D66-2C3C5D24A502} = {D3D5DCFB-A638-4239-87E7-0592AD7724B3}
		{7177F6AA-66D4-4C4E-BC55-D797BB2E2743} = {7F5FCAD1-7929-4929-A464-D5141CC96333}
		{46146E1A-7EE6-4A19-B48B-F95522890FA8} = {7177F6AA-66D4-4C4E-BC55-D797BB2E2743}
		{A1F6CB50-0A58-4AA1-9C0E-BC69B2E93A11} = {7177F6AA-66D4-4C4E-BC55-D797BB2E2743}
		{C0D2A7A8-4B6F-4D57-9F89-16A390CB4892} = {7177F6AA-66D4-4C4E-BC55-D797BB2E2743}
		{CFC5DA0F-A509-43AD-8262-031E2DEF76A6} = {7F5FCAD1-7929-4929-A464-D5141CC96333}
		{5129F0AA-D194-453D-A51F-F2A8F9DBDE71} = {CFC5DA0F-A509-43AD-8262-031E2DEF76A6}
		{9EAD5C86-19F3-4D70-A46E-B9877E5C5142} = {CFC5DA0F-A509-43AD-8262-031E2DEF76A6}
		{7998A616-0618-4D86-B639-6FFF72B4C302} = {CFC5DA0F-A509-43AD-8262-031E2DEF76A6}
		{62C89D95-5DFB-4BE7-936B-6AC6E0137A16} = {CFC5DA0F-A509-43AD-8262-031E2DEF76A6}
		{B7F45352-9EB5-4F4D-94A3-36C2915A9F41} = {CFC5DA0F-A509-43AD-8262-031E2DEF76A6}
		{EE8A03CA-8CC0-43B3-AC89-BC55FA2B8D77} = {7F5FCAD1-7929-4929-A464-D5141CC96333}
		{FAAE3A0A-71D9-43CA-8C86-8A244AB98BD1} = {EE8A03CA-8CC0-43B3-AC89-BC55FA2B8D77}
		{A6E8D5A0-9D4F-46CD-92A6-4B5B90247D85} = {EE8A03CA-8CC0-43B3-AC89-BC55FA2B8D77}
		{490B26A2-6EDE-4A78-9392-01D72F25490A} = {7F5FCAD1-7929-4929-A464-D5141CC96333}
		{D7C9F48D-FAC5-4562-A5E7-6ED0085E5450} = {490B26A2-6EDE-4A78-9392-01D72F25490A}
	EndGlobalSection
EndGlobal
