{
  "version": 2,
  "dependencies": {
    "net10.0": {
      "CommunityToolkit.Mvvm": {
        "type": "Direct",
        "requested": "[8.4.2, )",
        "resolved": "8.4.2",
        "contentHash": "WadCzGEc2U+3e20avRLng4qNtt4zoOGWrdUISqJWrHe3/FSnrYjuM5Sb4yQb09LhkBXrrI4Zt3dLKgRMbItsrg=="
      },
      "Flurl.Http": {
        "type": "Direct",
        "requested": "[4.0.2, )",
        "resolved": "4.0.2",
        "contentHash": "9vCqFFyceA11yplkFD8AbCFFTvG1Lrw3tpsgOpL5sLUc28p6zcvGszNleuT6nDymRvtt5eS+rqUX+bRztg1fhA==",
        "dependencies": {
          "Flurl": "4.0.0"
        }
      },
      "Microsoft.Data.Sqlite": {
        "type": "Direct",
        "requested": "[10.0.10, )",
        "resolved": "10.0.10",
        "contentHash": "58JwZ39lCvRXHfV5O6RQfbHEDu8ZsXI7weRoVRR4jrGRxxkS+qyeuGrN2xD+9VYEICApYr0iTSL6PuU+DdsvPg==",
        "dependencies": {
          "Microsoft.Data.Sqlite.Core": "10.0.10",
          "SQLitePCLRaw.bundle_e_sqlite3": "2.1.11",
          "SQLitePCLRaw.core": "2.1.11"
        }
      },
      "Microsoft.Extensions.DependencyInjection.Abstractions": {
        "type": "Direct",
        "requested": "[10.0.10, )",
        "resolved": "10.0.10",
        "contentHash": "z/2xXlFw2aLGjHyEm6E0tQ+In6VfzQzTrtArbQ2c0TQE16ZbyDCMGPvaUT9I0s8rgy9sRWlU2P9waW37qV04qA=="
      },
      "protobuf-net": {
        "type": "Direct",
        "requested": "[3.2.56, )",
        "resolved": "3.2.56",
        "contentHash": "4IPJeTYAMNewlN8MDaFkcmR/9hLhJeo9eARnTh104zh7mf+vXT2gu5MUfUnkSQU+CH578Q6vcdU7LQDQPG6eaw==",
        "dependencies": {
          "protobuf-net.Core": "3.2.56"
        }
      },
      "QRCoder": {
        "type": "Direct",
        "requested": "[1.8.0, )",
        "resolved": "1.8.0",
        "contentHash": "RuvX3PEXU6pbY/I5ItAk800jm62r+YnoPLgyS2WTgwxkOnGkOfU9ORiipHUF0LkLyqM8rlroUCA319JjRYfRFQ==",
        "dependencies": {
          "System.Drawing.Common": "6.0.0"
        }
      },
      "SQLitePCLRaw.bundle_e_sqlite3": {
        "type": "Direct",
        "requested": "[2.1.12, )",
        "resolved": "2.1.12",
        "contentHash": "mAgscpQMLw5/nfA1Q5oJVAT29yROUo1ifZGbbTpx/lwZpSxMUGoYbKfmvdm8oXER+RzxqBmmQzeBEVKfeHv2nw==",
        "dependencies": {
          "SQLitePCLRaw.lib.e_sqlite3": "2.1.12",
          "SQLitePCLRaw.provider.e_sqlite3": "2.1.12"
        }
      },
      "Avalonia.BuildServices": {
        "type": "Transitive",
        "resolved": "11.3.2",
        "contentHash": "qHDToxto1e3hci5YqbG9n0Ty8mlp3zBUN5wT66wKqaDVzXyQ0do3EnRILd4Ke9jpvsktaPpgE0YjEk7hornryQ=="
      },
      "Avalonia.Remote.Protocol": {
        "type": "Transitive",
        "resolved": "12.1.0",
        "contentHash": "p6OKt6O7vOub4TS2pAjaeW0Y13oxrPs4uixeVZpJByiSQKKk+LyApN5yRy2JerpfTMtI86Y5pNwugyKTHZJnAw=="
      },
      "Flurl": {
        "type": "Transitive",
        "resolved": "4.0.0",
        "contentHash": "rpts69yYgvJqg6PPgqShBQEZ4aNzWQqWpWppcT0oDWxDCIsBqiod4pj6LQZdhk+1OozLFagemldMRACdHF3CsA=="
      },
      "Irihi.Avalonia.Shared": {
        "type": "Transitive",
        "resolved": "0.4.0",
        "contentHash": "T6+jezCUjisJNz6zkNcNLVNI2ttWznbyQnW6MS9L45EXhePqRCIxB3xV/5L8gFAJ83JrhiCIokMOxRWdq9/1Zg==",
        "dependencies": {
          "Avalonia": "12.0.0"
        }
      },
      "Irihi.Avalonia.Shared.Contracts": {
        "type": "Transitive",
        "resolved": "0.4.0",
        "contentHash": "Du8DY2YqlSmCmywqZtuOhgwLkgklMeE1ajZ4Dd/iqVz6HmAKptjVTqA1oloZX5ihqsdKRiNuUGCdYPe1rekf2Q=="
      },
      "MicroCom.Runtime": {
        "type": "Transitive",
        "resolved": "0.11.6",
        "contentHash": "NdNWGDiZ6eS/Mf/9+QHR91cj1K7Hy+PX9yrHI/zM7xFYuj9IWT2uxtB6sCHjrnxAeLV9fut1R6zHDUGKX6f9lQ=="
      },
      "Microsoft.Data.Sqlite.Core": {
        "type": "Transitive",
        "resolved": "10.0.10",
        "contentHash": "TPCs0ldm7AWqcKmp6f/Xr+14sat7hx4rHfRlS4RgCURBH2thEWbAKEyX7cCWr63zVJVOJIJZTg2cBiUXa8ys6g==",
        "dependencies": {
          "SQLitePCLRaw.core": "2.1.11"
        }
      },
      "Microsoft.Win32.SystemEvents": {
        "type": "Transitive",
        "resolved": "6.0.0",
        "contentHash": "hqTM5628jSsQiv+HGpiq3WKBl2c8v1KZfby2J6Pr7pEPlK9waPdgEO6b8A/+/xn/yZ9ulv8HuqK71ONy2tg67A=="
      },
      "protobuf-net.Core": {
        "type": "Transitive",
        "resolved": "3.2.56",
        "contentHash": "d6QOukTpDzs7zZv9tPnBZMtvHDNeHJQXUhMx54g4urUQsXK3oo9U70H9HvklYq7hlQ4A7AHJl7EVEqyCXXIl8Q=="
      },
      "SQLitePCLRaw.core": {
        "type": "Transitive",
        "resolved": "2.1.12",
        "contentHash": "ETpNw9DY3ckWLgRRAeCHj+GKOuPi61aeczkXhgHexUvqoZBAYg8RYESE2J7O1M7+o6QbdSEZwrw9bfqztUVWXg=="
      },
      "SQLitePCLRaw.lib.e_sqlite3": {
        "type": "Transitive",
        "resolved": "2.1.12",
        "contentHash": "fWi8Dbknuhgg72fWinIdjXVaqO1hHL4YBBwVLnr7e1c9TAZwJ0QE38j9syW1hwx6HaqEVTwI+O07WPdZn8Rp0w=="
      },
      "SQLitePCLRaw.provider.e_sqlite3": {
        "type": "Transitive",
        "resolved": "2.1.12",
        "contentHash": "W3oH4XIfCzFrgUSDKHhN6N+dgzA5YHOR2VxX8GB6Qy7CyrJJgxPEG8NirgYWlPQC5P2jz2knSsexWu4tDUL33g==",
        "dependencies": {
          "SQLitePCLRaw.core": "2.1.12"
        }
      },
      "System.Drawing.Common": {
        "type": "Transitive",
        "resolved": "6.0.0",
        "contentHash": "NfuoKUiP2nUWwKZN6twGqXioIe1zVD0RIj2t976A+czLHr2nY454RwwXs6JU9Htc6mwqL6Dn/nEL3dpVf2jOhg==",
        "dependencies": {
          "Microsoft.Win32.SystemEvents": "6.0.0"
        }
      },
      "myavaloniamanagement.pluginsdk": {
        "type": "Project"
      },
      "myavaloniamanagement.pluginsdk.ui": {
        "type": "Project",
        "dependencies": {
          "Avalonia": "[12.1.0, 12.1.0]",
          "Avalonia.Themes.Fluent": "[12.1.0, 12.1.0]",
          "Irihi.Ursa": "[2.1.0, 2.1.0]",
          "Irihi.Ursa.Themes.Semi": "[2.1.0, 2.1.0]",
          "Microsoft.Extensions.DependencyInjection.Abstractions": "[10.0.10, 10.0.10]",
          "MyAvaloniaManagement.PluginSdk": "[3.0.0, )",
          "Semi.Avalonia": "[12.1.0, 12.1.0]"
        }
      },
      "Avalonia": {
        "type": "CentralTransitive",
        "requested": "[12.1.0, )",
        "resolved": "12.1.0",
        "contentHash": "an4ugAy2q6GTdaFl635V8W/LKrWNL+mnSFUprbgyf8m1Zzf9WgoGaF5ajGv5i4gXefMZrzsUPV1QU+kKrgwCWg==",
        "dependencies": {
          "Avalonia.BuildServices": "11.3.2",
          "Avalonia.Remote.Protocol": "12.1.0",
          "MicroCom.Runtime": "0.11.6"
        }
      },
      "Avalonia.Themes.Fluent": {
        "type": "CentralTransitive",
        "requested": "[12.1.0, )",
        "resolved": "12.1.0",
        "contentHash": "MVi5L9HymnNm+gP2aNXNcyrP2iKGJWFubQ5Bv8/Przflxca1aIT9QBpTUV6c3olA9rLYFY7MJRR/C/BZaUhemQ==",
        "dependencies": {
          "Avalonia": "12.1.0"
        }
      },
      "Irihi.Ursa": {
        "type": "CentralTransitive",
        "requested": "[2.1.0, )",
        "resolved": "2.1.0",
        "contentHash": "G2wAmenCgMZkBOqs5MYRtlurhU2tAKKmcNJzjjaA9Mj5v3YIivuv7wyNpIpgYZ602sOZhFtQwYrCaLVUhn9Htw==",
        "dependencies": {
          "Avalonia": "12.0.2",
          "Irihi.Avalonia.Shared": "0.4.0",
          "Irihi.Avalonia.Shared.Contracts": "0.4.0"
        }
      },
      "Irihi.Ursa.Themes.Semi": {
        "type": "CentralTransitive",
        "requested": "[2.1.0, )",
        "resolved": "2.1.0",
        "contentHash": "vz7iA6YcAqJ9Z34CXGtapsROERLjZ7vD1CqblO7V5NWQyrJ5igbAYSuFFWnZnPVFKkyKM/c43oGmcWjiDBLoHA==",
        "dependencies": {
          "Avalonia": "12.0.2",
          "Irihi.Ursa": "2.1.0",
          "Semi.Avalonia": "12.0.1"
        }
      },
      "Semi.Avalonia": {
        "type": "CentralTransitive",
        "requested": "[12.1.0, )",
        "resolved": "12.1.0",
        "contentHash": "me56M9qqcCTdYrsnf2vmd1xNF9gBN33PE3CXc9Gq1NPHO8fieZgFkmeqvaJnLMHg927UQyb7xmRSRf/ORAbv/w==",
        "dependencies": {
          "Avalonia": "12.1.0",
          "Irihi.Avalonia.Shared": "0.4.0"
        }
      }
    }
  }
}